// !$*UTF8*$!
{
	archiveVersion = 1;
	classes = {
	};
	objectVersion = 50;
	objects = {

/* Begin PBXBuildFile section */
		7A6FD171228B1EF400885B38 /* AppDelegate.swift in Sources */ = {isa = PBXBuildFile; fileRef = 7A6FD170228B1EF400885B38 /* AppDelegate.swift */; };
		7A6FD178228B1EF700885B38 /* Assets.xcassets in Resources */ = {isa = PBXBuildFile; fileRef = 7A6FD177228B1EF700885B38 /* Assets.xcassets */; };
		7A6FD17B228B1EF700885B38 /* LaunchScreen.storyboard in Resources */ = {isa = PBXBuildFile; fileRef = 7A6FD179228B1EF700885B38 /* LaunchScreen.storyboard */; };
		7A6FD183228B1F0F00885B38 /* Main.storyboard in Resources */ = {isa = PBXBuildFile; fileRef = 7A6FD182228B1F0F00885B38 /* Main.storyboard */; };
		7A6FD185228B1F4100885B38 /* PersonSearchTableViewController.swift in Sources */ = {isa = PBXBuildFile; fileRef = 7A6FD184228B1F4100885B38 /* PersonSearchTableViewController.swift */; };
		7A6FD187228B241000885B38 /* Person.swift in Sources */ = {isa = PBXBuildFile; fileRef = 7A6FD186228B241000885B38 /* Person.swift */; };
		7A6FD189228B2DA100885B38 /* PersonController.swift in Sources */ = {isa = PBXBuildFile; fileRef = 7A6FD188228B2DA100885B38 /* PersonController.swift */; };
		7A6FD18C228B395300885B38 /* PersonTableViewCell.swift in Sources */ = {isa = PBXBuildFile; fileRef = 7A6FD18B228B395300885B38 /* PersonTableViewCell.swift */; };
/* End PBXBuildFile section */

/* Begin PBXFileReference section */
		7A6FD16D228B1EF400885B38 /* Star Wars Search.app */ = {isa = PBXFileReference; explicitFileType = wrapper.application; includeInIndex = 0; path = "Star Wars Search.app"; sourceTree = BUILT_PRODUCTS_DIR; };
		7A6FD170228B1EF400885B38 /* AppDelegate.swift */ = {isa = PBXFileReference; lastKnownFileType = sourcecode.swift; path = AppDelegate.swift; sourceTree = "<group>"; };
		7A6FD177228B1EF700885B38 /* Assets.xcassets */ = {isa = PBXFileReference; lastKnownFileType = folder.assetcatalog; path = Assets.xcassets; sourceTree = "<group>"; };
		7A6FD17A228B1EF700885B38 /* Base */ = {isa = PBXFileReference; lastKnownFileType = file.storyboard; name = Base; path = Base.lproj/LaunchScreen.storyboard; sourceTree = "<group>"; };
		7A6FD17C228B1EF700885B38 /* Info.plist */ = {isa = PBXFileReference; lastKnownFileType = text.plist.xml; path = Info.plist; sourceTree = "<group>"; };
		7A6FD182228B1F0F00885B38 /* Main.storyboard */ = {isa = PBXFileReference; fileEncoding = 4; lastKnownFileType = file.storyboard; path = Main.storyboard; sourceTree = "<group>"; };
		7A6FD184228B1F4100885B38 /* PersonSearchTableViewController.swift */ = {isa = PBXFileReference; lastKnownFileType = sourcecode.swift; path = PersonSearchTableViewController.swift; sourceTree = "<group>"; };
		7A6FD186228B241000885B38 /* Person.swift */ = {isa = PBXFileReference; lastKnownFileType = sourcecode.swift; path = Person.swift; sourceTree = "<group>"; };
		7A6FD188228B2DA100885B38 /* PersonController.swift */ = {isa = PBXFileReference; lastKnownFileType = sourcecode.swift; path = PersonController.swift; sourceTree = "<group>"; };
		7A6FD18B228B395300885B38 /* PersonTableViewCell.swift */ = {isa = PBXFileReference; lastKnownFileType = sourcecode.swift; path = PersonTableViewCell.swift; sourceTree = "<group>"; };
/* End PBXFileReference section */

/* Begin PBXFrameworksBuildPhase section */
		7A6FD16A228B1EF400885B38 /* Frameworks */ = {
			isa = PBXFrameworksBuildPhase;
			buildActionMask = 2147483647;
			files = (
			);
			runOnlyForDeploymentPostprocessing = 0;
		};
/* End PBXFrameworksBuildPhase section */

/* Begin PBXGroup section */
		7A6FD164228B1EF400885B38 = {
			isa = PBXGroup;
			children = (
				7A6FD16F228B1EF400885B38 /* Star Wars Search */,
				7A6FD16E228B1EF400885B38 /* Products */,
			);
			sourceTree = "<group>";
		};
		7A6FD16E228B1EF400885B38 /* Products */ = {
			isa = PBXGroup;
			children = (
				7A6FD16D228B1EF400885B38 /* Star Wars Search.app */,
			);
			name = Products;
			sourceTree = "<group>";
		};
		7A6FD16F228B1EF400885B38 /* Star Wars Search */ = {
			isa = PBXGroup;
			children = (
				7A6FD170228B1EF400885B38 /* AppDelegate.swift */,
				7A6FD18A228B393D00885B38 /* Model */,
				7A6FD18D228B395800885B38 /* Model Controller */,
				7A6FD18E228B39C500885B38 /* Views */,
				7A6FD18F228B39CC00885B38 /* View Controllers */,
				7A6FD177228B1EF700885B38 /* Assets.xcassets */,
				7A6FD182228B1F0F00885B38 /* Main.storyboard */,
				7A6FD179228B1EF700885B38 /* LaunchScreen.storyboard */,
				7A6FD17C228B1EF700885B38 /* Info.plist */,
			);
			path = "Star Wars Search";
			sourceTree = "<group>";
		};
		7A6FD18A228B393D00885B38 /* Model */ = {
			isa = PBXGroup;
			children = (
				7A6FD186228B241000885B38 /* Person.swift */,
			);
			path = Model;
			sourceTree = "<group>";
		};
		7A6FD18D228B395800885B38 /* Model Controller */ = {
			isa = PBXGroup;
			children = (
				7A6FD188228B2DA100885B38 /* PersonController.swift */,
			);
			path = "Model Controller";
			sourceTree = "<group>";
		};
		7A6FD18E228B39C500885B38 /* Views */ = {
			isa = PBXGroup;
			children = (
				7A6FD18B228B395300885B38 /* PersonTableViewCell.swift */,
			);
			path = Views;
			sourceTree = "<group>";
		};
		7A6FD18F228B39CC00885B38 /* View Controllers */ = {
			isa = PBXGroup;
			children = (
				7A6FD184228B1F4100885B38 /* PersonSearchTableViewController.swift */,
			);
			path = "View Controllers";
			sourceTree = "<group>";
		};
/* End PBXGroup section */

/* Begin PBXNativeTarget section */
		7A6FD16C228B1EF400885B38 /* Star Wars Search */ = {
			isa = PBXNativeTarget;
			buildConfigurationList = 7A6FD17F228B1EF700885B38 /* Build configuration list for PBXNativeTarget "Star Wars Search" */;
			buildPhases = (
				7A6FD169228B1EF400885B38 /* Sources */,
				7A6FD16A228B1EF400885B38 /* Frameworks */,
				7A6FD16B228B1EF400885B38 /* Resources */,
			);
			buildRules = (
			);
			dependencies = (
			);
			name = "Star Wars Search";
			productName = "Star Wars Search";
			productReference = 7A6FD16D228B1EF400885B38 /* Star Wars Search.app */;
			productType = "com.apple.product-type.application";
		};
/* End PBXNativeTarget section */

/* Begin PBXProject section */
		7A6FD165228B1EF400885B38 /* Project object */ = {
			isa = PBXProject;
			attributes = {
				LastSwiftUpdateCheck = 1020;
				LastUpgradeCheck = 1020;
				ORGANIZATIONNAME = "Nelson Gonzalez";
				TargetAttributes = {
					7A6FD16C228B1EF400885B38 = {
						CreatedOnToolsVersion = 10.2.1;
					};
				};
			};
			buildConfigurationList = 7A6FD168228B1EF400885B38 /* Build configuration list for PBXProject "Star Wars Search" */;
			compatibilityVersion = "Xcode 9.3";
			developmentRegion = en;
			hasScannedForEncodings = 0;
			knownRegions = (
				en,
				Base,
			);
			mainGroup = 7A6FD164228B1EF400885B38;
			productRefGroup = 7A6FD16E228B1EF400885B38 /* Products */;
			projectDirPath = "";
			projectRoot = "";
			targets = (
				7A6FD16C228B1EF400885B38 /* Star Wars Search */,
			);
		};
/* End PBXProject section */

/* Begin PBXResourcesBuildPhase section */
		7A6FD16B228B1EF400885B38 /* Resources */ = {
			isa = PBXResourcesBuildPhase;
			buildActionMask = 2147483647;
			files = (
				7A6FD183228B1F0F00885B38 /* Main.storyboard in Resources */,
				7A6FD17B228B1EF700885B38 /* LaunchScreen.storyboard in Resources */,
				7A6FD178228B1EF700885B38 /* Assets.xcassets in Resources */,
			);
			runOnlyForDeploymentPostprocessing = 0;
		};
/* End PBXResourcesBuildPhase section */

/* Begin PBXSourcesBuildPhase section */
		7A6FD169228B1EF400885B38 /* Sources */ = {
			isa = PBXSourcesBuildPhase;
			buildActionMask = 2147483647;
			files = (
				7A6FD189228B2DA100885B38 /* PersonController.swift in Sources */,
				7A6FD187228B241000885B38 /* Person.swift in Sources */,
				7A6FD185228B1F4100885B38 /* PersonSearchTableViewController.swift in Sources */,
				7A6FD18C228B395300885B38 /* PersonTableViewCell.swift in Sources */,
				7A6FD171228B1EF400885B38 /* AppDelegate.swift in Sources */,
			);
			runOnlyForDeploymentPostprocessing = 0;
		};
/* End PBXSourcesBuildPhase section */

/* Begin PBXVariantGroup section */
		7A6FD179228B1EF700885B38 /* LaunchScreen.storyboard */ = {
			isa = PBXVariantGroup;
			children = (
				7A6FD17A228B1EF700885B38 /* Base */,
			);
			name = LaunchScreen.storyboard;
			sourceTree = "<group>";
		};
/* End PBXVariantGroup section */

/* Begin XCBuildConfiguration section */
		7A6FD17D228B1EF700885B38 /* Debug */ = {
			isa = XCBuildConfiguration;
			buildSettings = {
				ALWAYS_SEARCH_USER_PATHS = NO;
				CLANG_ANALYZER_NONNULL = YES;
				CLANG_ANALYZER_NUMBER_OBJECT_CONVERSION = YES_AGGRESSIVE;
				CLANG_CXX_LANGUAGE_STANDARD = "gnu++14";
				CLANG_CXX_LIBRARY = "libc++";
				CLANG_ENABLE_MODULES = YES;
				CLANG_ENABLE_OBJC_ARC = YES;
				CLANG_ENABLE_OBJC_WEAK = YES;
				CLANG_WARN_BLOCK_CAPTURE_AUTORELEASING = YES;
				CLANG_WARN_BOOL_CONVERSION = YES;
				CLANG_WARN_COMMA = YES;
				CLANG_WARN_CONSTANT_CONVERSION = YES;
				CLANG_WARN_DEPRECATED_OBJC_IMPLEMENTATIONS = YES;
				CLANG_WARN_DIRECT_OBJC_ISA_USAGE = YES_ERROR;
				CLANG_WARN_DOCUMENTATION_COMMENTS = YES;
				CLANG_WARN_EMPTY_BODY = YES;
				CLANG_WARN_ENUM_CONVERSION = YES;
				CLANG_WARN_INFINITE_RECURSION = YES;
				CLANG_WARN_INT_CONVERSION = YES;
				CLANG_WARN_NON_LITERAL_NULL_CONVERSION = YES;
				CLANG_WARN_OBJC_IMPLICIT_RETAIN_SELF = YES;
				CLANG_WARN_OBJC_LITERAL_CONVERSION = YES;
				CLANG_WARN_OBJC_ROOT_CLASS = YES_ERROR;
				CLANG_WARN_RANGE_LOOP_ANALYSIS = YES;
				CLANG_WARN_STRICT_PROTOTYPES = YES;
				CLANG_WARN_SUSPICIOUS_MOVE = YES;
				CLANG_WARN_UNGUARDED_AVAILABILITY = YES_AGGRESSIVE;
				CLANG_WARN_UNREACHABLE_CODE = YES;
				CLANG_WARN__DUPLICATE_METHOD_MATCH = YES;
				CODE_SIGN_IDENTITY = "iPhone Developer";
				COPY_PHASE_STRIP = NO;
				DEBUG_INFORMATION_FORMAT = dwarf;
				ENABLE_STRICT_OBJC_MSGSEND = YES;
				ENABLE_TESTABILITY = YES;
				GCC_C_LANGUAGE_STANDARD = gnu11;
				GCC_DYNAMIC_NO_PIC = NO;
				GCC_NO_COMMON_BLOCKS = YES;
				GCC_OPTIMIZATION_LEVEL = 0;
				GCC_PREPROCESSOR_DEFINITIONS = (
					"DEBUG=1",
					"$(inherited)",
				);
				GCC_WARN_64_TO_32_BIT_CONVERSION = YES;
				GCC_WARN_ABOUT_RETURN_TYPE = YES_ERROR;
				GCC_WARN_UNDECLARED_SELECTOR = YES;
				GCC_WARN_UNINITIALIZED_AUTOS = YES_AGGRESSIVE;
				GCC_WARN_UNUSED_FUNCTION = YES;
				GCC_WARN_UNUSED_VARIABLE = YES;
				IPHONEOS_DEPLOYMENT_TARGET = 12.2;
				MTL_ENABLE_DEBUG_INFO = INCLUDE_SOURCE;
				MTL_FAST_MATH = YES;
				ONLY_ACTIVE_ARCH = YES;
				SDKROOT = iphoneos;
				SWIFT_ACTIVE_COMPILATION_CONDITIONS = DEBUG;
				SWIFT_OPTIMIZATION_LEVEL = "-Onone";
			};
			name = Debug;
		};
		7A6FD17E228B1EF700885B38 /* Release */ = {
			isa = XCBuildConfiguration;
			buildSettings = {
				ALWAYS_SEARCH_USER_PATHS = NO;
				CLANG_ANALYZER_NONNULL = YES;
				CLANG_ANALYZER_NUMBER_OBJECT_CONVERSION = YES_AGGRESSIVE;
				CLANG_CXX_LANGUAGE_STANDARD = "gnu++14";
				CLANG_CXX_LIBRARY = "libc++";
				CLANG_ENABLE_MODULES = YES;
				CLANG_ENABLE_OBJC_ARC = YES;
				CLANG_ENABLE_OBJC_WEAK = YES;
				CLANG_WARN_BLOCK_CAPTURE_AUTORELEASING = YES;
				CLANG_WARN_BOOL_CONVERSION = YES;
				CLANG_WARN_COMMA = YES;
				CLANG_WARN_CONSTANT_CONVERSION = YES;
				CLANG_WARN_DEPRECATED_OBJC_IMPLEMENTATIONS = YES;
				CLANG_WARN_DIRECT_OBJC_ISA_USAGE = YES_ERROR;
				CLANG_WARN_DOCUMENTATION_COMMENTS = YES;
				CLANG_WARN_EMPTY_BODY = YES;
				CLANG_WARN_ENUM_CONVERSION = YES;
				CLANG_WARN_INFINITE_RECURSION = YES;
				CLANG_WARN_INT_CONVERSION = YES;
				CLANG_WARN_NON_LITERAL_NULL_CONVERSION = YES;
				CLANG_WARN_OBJC_IMPLICIT_RETAIN_SELF = YES;
				CLANG_WARN_OBJC_LITERAL_CONVERSION = YES;
				CLANG_WARN_OBJC_ROOT_CLASS = YES_ERROR;
				CLANG_WARN_RANGE_LOOP_ANALYSIS = YES;
				CLANG_WARN_STRICT_PROTOTYPES = YES;
				CLANG_WARN_SUSPICIOUS_MOVE = YES;
				CLANG_WARN_UNGUARDED_AVAILABILITY = YES_AGGRESSIVE;
				CLANG_WARN_UNREACHABLE_CODE = YES;
				CLANG_WARN__DUPLICATE_METHOD_MATCH = YES;
				CODE_SIGN_IDENTITY = "iPhone Developer";
				COPY_PHASE_STRIP = NO;
				DEBUG_INFORMATION_FORMAT = "dwarf-with-dsym";
				ENABLE_NS_ASSERTIONS = NO;
				ENABLE_STRICT_OBJC_MSGSEND = YES;
				GCC_C_LANGUAGE_STANDARD = gnu11;
				GCC_NO_COMMON_BLOCKS = YES;
				GCC_WARN_64_TO_32_BIT_CONVERSION = YES;
				GCC_WARN_ABOUT_RETURN_TYPE = YES_ERROR;
				GCC_WARN_UNDECLARED_SELECTOR = YES;
				GCC_WARN_UNINITIALIZED_AUTOS = YES_AGGRESSIVE;
				GCC_WARN_UNUSED_FUNCTION = YES;
				GCC_WARN_UNUSED_VARIABLE = YES;
				IPHONEOS_DEPLOYMENT_TARGET = 12.2;
				MTL_ENABLE_DEBUG_INFO = NO;
				MTL_FAST_MATH = YES;
				SDKROOT = iphoneos;
				SWIFT_COMPILATION_MODE = wholemodule;
				SWIFT_OPTIMIZATION_LEVEL = "-O";
				VALIDATE_PRODUCT = YES;
			};
			name = Release;
		};
		7A6FD180228B1EF700885B38 /* Debug */ = {
			isa = XCBuildConfiguration;
			buildSettings = {
				ASSETCATALOG_COMPILER_APPICON_NAME = AppIcon;
				CODE_SIGN_STYLE = Automatic;
				DEVELOPMENT_TEAM = ZD9LN99SX6;
				INFOPLIST_FILE = "Star Wars Search/Info.plist";
				LD_RUNPATH_SEARCH_PATHS = (
					"$(inherited)",
					"@executable_path/Frameworks",
				);
				PRODUCT_BUNDLE_IDENTIFIER = "com.nelsongonzalez.Star-Wars-Search";
				PRODUCT_NAME = "$(TARGET_NAME)";
				SWIFT_VERSION = 5.0;
				TARGETED_DEVICE_FAMILY = "1,2";
			};
			name = Debug;
		};
		7A6FD181228B1EF700885B38 /* Release */ = {
			isa = XCBuildConfiguration;
			buildSettings = {
				ASSETCATALOG_COMPILER_APPICON_NAME = AppIcon;
				CODE_SIGN_STYLE = Automatic;
				DEVELOPMENT_TEAM = ZD9LN99SX6;
				INFOPLIST_FILE = "Star Wars Search/Info.plist";
				LD_RUNPATH_SEARCH_PATHS = (
					"$(inherited)",
					"@executable_path/Frameworks",
				);
				PRODUCT_BUNDLE_IDENTIFIER = "com.nelsongonzalez.Star-Wars-Search";
				PRODUCT_NAME = "$(TARGET_NAME)";
				SWIFT_VERSION = 5.0;
				TARGETED_DEVICE_FAMILY = "1,2";
			};
			name = Release;
		};
/* End XCBuildConfiguration section */

/* Begin XCConfigurationList section */
		7A6FD168228B1EF400885B38 /* Build configuration list for PBXProject "Star Wars Search" */ = {
			isa = XCConfigurationList;
			buildConfigurations = (
				7A6FD17D228B1EF700885B38 /* Debug */,
				7A6FD17E228B1EF700885B38 /* Release */,
			);
			defaultConfigurationIsVisible = 0;
			defaultConfigurationName = Release;
		};
		7A6FD17F228B1EF700885B38 /* Build configuration list for PBXNativeTarget "Star Wars Search" */ = {
			isa = XCConfigurationList;
			buildConfigurations = (
				7A6FD180228B1EF700885B38 /* Debug */,
				7A6FD181228B1EF700885B38 /* Release */,
			);
			defaultConfigurationIsVisible = 0;
			defaultConfigurationName = Release;
		};
/* End XCConfigurationList section */
	};
	rootObject = 7A6FD165228B1EF400885B38 /* Project object */;
}
